[root]
name = "rust-serde-benchmarks"
version = "0.0.1"
dependencies = [
 "bincode 0.0.2 (git+https://github.com/TyOverby/bincode)",
 "capnp 0.0.6 (git+https://github.com/dwrensha/capnproto-rust)",
 "msgpack 0.0.1 (git+https://github.com/erickt/rust-msgpack)",
 "protobuf 0.0.8 (git+https://github.com/stepancheg/rust-protobuf)",
 "serde 0.1.0 (git+https://github.com/erickt/rust-serde)",
 "serde_macros 0.1.0 (git+https://github.com/erickt/rust-serde)",
]

[[package]]
name = "bincode"
version = "0.0.2"
source = "git+https://github.com/TyOverby/bincode#77f36d29d6eeef5e0fecaf2f1598696651a173c0"

[[package]]
name = "capnp"
version = "0.0.6"
source = "git+https://github.com/dwrensha/capnproto-rust#db2c3327ce2dc898861224ae08bc4c6f2dc06307"

[[package]]
name = "msgpack"
version = "0.0.1"
source = "git+https://github.com/erickt/rust-msgpack#b9f476aa08b2877909c8c42abeadc52c7c7c304d"

[[package]]
name = "protobuf"
version = "0.0.8"
source = "git+https://github.com/stepancheg/rust-protobuf#1d2e7a151f52b37bb2b49a6da08d59c82c53f2e9"

[[package]]
name = "serde"
version = "0.1.0"
source = "git+https://github.com/erickt/rust-serde#b87f0f5fdedc67c1d13ab289f81e1371f753fe6f"
dependencies = [
 "serde_macros 0.1.0 (git+https://github.com/erickt/rust-serde)",
]

[[package]]
name = "serde_macros"
version = "0.1.0"
source = "git+https://github.com/erickt/rust-serde#b87f0f5fdedc67c1d13ab289f81e1371f753fe6f"

